
Microsoft Visual Studio Solution File, Format Version 12.00
# Visual Studio Version 16
VisualStudioVersion = 16.0.30717.126
MinimumVisualStudioVersion = 10.0.40219.1
Project("{FAE04EC0-301F-11D3-BF4B-00C04F79EFBC}") = "BancoEveris", "BancoEveris.csproj", "{A8DBC897-C648-4622-8465-EF1AA2640104}"
EndProject
Global
	GlobalSection(SolutionConfigurationPlatforms) = preSolution
		Debug|Any CPU = Debug|Any CPU
		Release|Any CPU = Release|Any CPU
	EndGlobalSection
	GlobalSection(ProjectConfigurationPlatforms) = postSolution
		{A8DBC897-C648-4622-8465-EF1AA2640104}.Debug|Any CPU.ActiveCfg = Debug|Any CPU
		{A8DBC897-C648-4622-8465-EF1AA2640104}.Debug|Any CPU.Build.0 = Debug|Any CPU
		{A8DBC897-C648-4622-8465-EF1AA2640104}.Release|Any CPU.ActiveCfg = Release|Any CPU
		{A8DBC897-C648-4622-8465-EF1AA2640104}.Release|Any CPU.Build.0 = Release|Any CPU
	EndGlobalSection
	GlobalSection(SolutionProperties) = preSolution
		HideSolutionNode = FALSE
	EndGlobalSection
	GlobalSection(ExtensibilityGlobals) = postSolution
		SolutionGuid = {FA900F94-1F86-4A3F-84A9-95D6425CBC4A}
	EndGlobalSection
EndGlobal
